// !$*UTF8*$!
{
	archiveVersion = 1;
	classes = {
	};
	objectVersion = 50;
	objects = {

/* Begin PBXBuildFile section */
		CF87CCBE2437547A003F4042 /* AppDelegate.swift in Sources */ = {isa = PBXBuildFile; fileRef = CF87CCBD2437547A003F4042 /* AppDelegate.swift */; };
		CF87CCC02437547A003F4042 /* SceneDelegate.swift in Sources */ = {isa = PBXBuildFile; fileRef = CF87CCBF2437547A003F4042 /* SceneDelegate.swift */; };
		CF87CCC22437547A003F4042 /* ContentView.swift in Sources */ = {isa = PBXBuildFile; fileRef = CF87CCC12437547A003F4042 /* ContentView.swift */; };
		CF87CCC42437547B003F4042 /* Assets.xcassets in Resources */ = {isa = PBXBuildFile; fileRef = CF87CCC32437547B003F4042 /* Assets.xcassets */; };
		CF87CCC72437547B003F4042 /* Preview Assets.xcassets in Resources */ = {isa = PBXBuildFile; fileRef = CF87CCC62437547B003F4042 /* Preview Assets.xcassets */; };
		CF87CCCA2437547B003F4042 /* LaunchScreen.storyboard in Resources */ = {isa = PBXBuildFile; fileRef = CF87CCC82437547B003F4042 /* LaunchScreen.storyboard */; };
/* End PBXBuildFile section */

/* Begin PBXFileReference section */
		CF87CCBA2437547A003F4042 /* GitHubActions.app */ = {isa = PBXFileReference; explicitFileType = wrapper.application; includeInIndex = 0; path = GitHubActions.app; sourceTree = BUILT_PRODUCTS_DIR; };
		CF87CCBD2437547A003F4042 /* AppDelegate.swift */ = {isa = PBXFileReference; lastKnownFileType = sourcecode.swift; path = AppDelegate.swift; sourceTree = "<group>"; };
		CF87CCBF2437547A003F4042 /* SceneDelegate.swift */ = {isa = PBXFileReference; lastKnownFileType = sourcecode.swift; path = SceneDelegate.swift; sourceTree = "<group>"; };
		CF87CCC12437547A003F4042 /* ContentView.swift */ = {isa = PBXFileReference; lastKnownFileType = sourcecode.swift; path = ContentView.swift; sourceTree = "<group>"; };
		CF87CCC32437547B003F4042 /* Assets.xcassets */ = {isa = PBXFileReference; lastKnownFileType = folder.assetcatalog; path = Assets.xcassets; sourceTree = "<group>"; };
		CF87CCC62437547B003F4042 /* Preview Assets.xcassets */ = {isa = PBXFileReference; lastKnownFileType = folder.assetcatalog; path = "Preview Assets.xcassets"; sourceTree = "<group>"; };
		CF87CCC92437547B003F4042 /* Base */ = {isa = PBXFileReference; lastKnownFileType = file.storyboard; name = Base; path = Base.lproj/LaunchScreen.storyboard; sourceTree = "<group>"; };
		CF87CCCB2437547B003F4042 /* Info.plist */ = {isa = PBXFileReference; lastKnownFileType = text.plist.xml; path = Info.plist; sourceTree = "<group>"; };
/* End PBXFileReference section */

/* Begin PBXFrameworksBuildPhase section */
		CF87CCB72437547A003F4042 /* Frameworks */ = {
			isa = PBXFrameworksBuildPhase;
			buildActionMask = 2147483647;
			files = (
			);
			runOnlyForDeploymentPostprocessing = 0;
		};
/* End PBXFrameworksBuildPhase section */

/* Begin PBXGroup section */
		CF87CCB12437547A003F4042 = {
			isa = PBXGroup;
			children = (
				CF87CCBC2437547A003F4042 /* GitHubActions */,
				CF87CCBB2437547A003F4042 /* Products */,
			);
			sourceTree = "<group>";
		};
		CF87CCBB2437547A003F4042 /* Products */ = {
			isa = PBXGroup;
			children = (
				CF87CCBA2437547A003F4042 /* GitHubActions.app */,
			);
			name = Products;
			sourceTree = "<group>";
		};
		CF87CCBC2437547A003F4042 /* GitHubActions */ = {
			isa = PBXGroup;
			children = (
				CF87CCBD2437547A003F4042 /* AppDelegate.swift */,
				CF87CCBF2437547A003F4042 /* SceneDelegate.swift */,
				CF87CCC12437547A003F4042 /* ContentView.swift */,
				CF87CCC32437547B003F4042 /* Assets.xcassets */,
				CF87CCC82437547B003F4042 /* LaunchScreen.storyboard */,
				CF87CCCB2437547B003F4042 /* Info.plist */,
				CF87CCC52437547B003F4042 /* Preview Content */,
			);
			path = GitHubActions;
			sourceTree = "<group>";
		};
		CF87CCC52437547B003F4042 /* Preview Content */ = {
			isa = PBXGroup;
			children = (
				CF87CCC62437547B003F4042 /* Preview Assets.xcassets */,
			);
			path = "Preview Content";
			sourceTree = "<group>";
		};
/* End PBXGroup section */

/* Begin PBXNativeTarget section */
		CF87CCB92437547A003F4042 /* GitHubActions */ = {
			isa = PBXNativeTarget;
			buildConfigurationList = CF87CCCE2437547B003F4042 /* Build configuration list for PBXNativeTarget "GitHubActions" */;
			buildPhases = (
				CF87CCB62437547A003F4042 /* Sources */,
				CF87CCB72437547A003F4042 /* Frameworks */,
				CF87CCB82437547A003F4042 /* Resources */,
			);
			buildRules = (
			);
			dependencies = (
			);
			name = GitHubActions;
			productName = GitHubActions;
			productReference = CF87CCBA2437547A003F4042 /* GitHubActions.app */;
			productType = "com.apple.product-type.application";
		};
/* End PBXNativeTarget section */

/* Begin PBXProject section */
		CF87CCB22437547A003F4042 /* Project object */ = {
			isa = PBXProject;
			attributes = {
				LastSwiftUpdateCheck = 1130;
				LastUpgradeCheck = 1130;
				ORGANIZATIONNAME = BBC;
				TargetAttributes = {
					CF87CCB92437547A003F4042 = {
						CreatedOnToolsVersion = 11.3.1;
					};
				};
			};
			buildConfigurationList = CF87CCB52437547A003F4042 /* Build configuration list for PBXProject "GitHubActions" */;
			compatibilityVersion = "Xcode 9.3";
			developmentRegion = en;
			hasScannedForEncodings = 0;
			knownRegions = (
				en,
				Base,
			);
			mainGroup = CF87CCB12437547A003F4042;
			productRefGroup = CF87CCBB2437547A003F4042 /* Products */;
			projectDirPath = "";
			projectRoot = "";
			targets = (
				CF87CCB92437547A003F4042 /* GitHubActions */,
			);
		};
/* End PBXProject section */

/* Begin PBXResourcesBuildPhase section */
		CF87CCB82437547A003F4042 /* Resources */ = {
			isa = PBXResourcesBuildPhase;
			buildActionMask = 2147483647;
			files = (
				CF87CCCA2437547B003F4042 /* LaunchScreen.storyboard in Resources */,
				CF87CCC72437547B003F4042 /* Preview Assets.xcassets in Resources */,
				CF87CCC42437547B003F4042 /* Assets.xcassets in Resources */,
			);
			runOnlyForDeploymentPostprocessing = 0;
		};
/* End PBXResourcesBuildPhase section */

/* Begin PBXSourcesBuildPhase section */
		CF87CCB62437547A003F4042 /* Sources */ = {
			isa = PBXSourcesBuildPhase;
			buildActionMask = 2147483647;
			files = (
				CF87CCBE2437547A003F4042 /* AppDelegate.swift in Sources */,
				CF87CCC02437547A003F4042 /* SceneDelegate.swift in Sources */,
				CF87CCC22437547A003F4042 /* ContentView.swift in Sources */,
			);
			runOnlyForDeploymentPostprocessing = 0;
		};
/* End PBXSourcesBuildPhase section */

/* Begin PBXVariantGroup section */
		CF87CCC82437547B003F4042 /* LaunchScreen.storyboard */ = {
			isa = PBXVariantGroup;
			children = (
				CF87CCC92437547B003F4042 /* Base */,
			);
			name = LaunchScreen.storyboard;
			sourceTree = "<group>";
		};
/* End PBXVariantGroup section */

/* Begin XCBuildConfiguration section */
		CF87CCCC2437547B003F4042 /* Debug */ = {
			isa = XCBuildConfiguration;
			buildSettings = {
				ALWAYS_SEARCH_USER_PATHS = NO;
				CLANG_ANALYZER_NONNULL = YES;
				CLANG_ANALYZER_NUMBER_OBJECT_CONVERSION = YES_AGGRESSIVE;
				CLANG_CXX_LANGUAGE_STANDARD = "gnu++14";
				CLANG_CXX_LIBRARY = "libc++";
				CLANG_ENABLE_MODULES = YES;
				CLANG_ENABLE_OBJC_ARC = YES;
				CLANG_ENABLE_OBJC_WEAK = YES;
				CLANG_WARN_BLOCK_CAPTURE_AUTORELEASING = YES;
				CLANG_WARN_BOOL_CONVERSION = YES;
				CLANG_WARN_COMMA = YES;
				CLANG_WARN_CONSTANT_CONVERSION = YES;
				CLANG_WARN_DEPRECATED_OBJC_IMPLEMENTATIONS = YES;
				CLANG_WARN_DIRECT_OBJC_ISA_USAGE = YES_ERROR;
				CLANG_WARN_DOCUMENTATION_COMMENTS = YES;
				CLANG_WARN_EMPTY_BODY = YES;
				CLANG_WARN_ENUM_CONVERSION = YES;
				CLANG_WARN_INFINITE_RECURSION = YES;
				CLANG_WARN_INT_CONVERSION = YES;
				CLANG_WARN_NON_LITERAL_NULL_CONVERSION = YES;
				CLANG_WARN_OBJC_IMPLICIT_RETAIN_SELF = YES;
				CLANG_WARN_OBJC_LITERAL_CONVERSION = YES;
				CLANG_WARN_OBJC_ROOT_CLASS = YES_ERROR;
				CLANG_WARN_RANGE_LOOP_ANALYSIS = YES;
				CLANG_WARN_STRICT_PROTOTYPES = YES;
				CLANG_WARN_SUSPICIOUS_MOVE = YES;
				CLANG_WARN_UNGUARDED_AVAILABILITY = YES_AGGRESSIVE;
				CLANG_WARN_UNREACHABLE_CODE = YES;
				CLANG_WARN__DUPLICATE_METHOD_MATCH = YES;
				COPY_PHASE_STRIP = NO;
				DEBUG_INFORMATION_FORMAT = dwarf;
				ENABLE_STRICT_OBJC_MSGSEND = YES;
				ENABLE_TESTABILITY = YES;
				GCC_C_LANGUAGE_STANDARD = gnu11;
				GCC_DYNAMIC_NO_PIC = NO;
				GCC_NO_COMMON_BLOCKS = YES;
				GCC_OPTIMIZATION_LEVEL = 0;
				GCC_PREPROCESSOR_DEFINITIONS = (
					"DEBUG=1",
					"$(inherited)",
				);
				GCC_WARN_64_TO_32_BIT_CONVERSION = YES;
				GCC_WARN_ABOUT_RETURN_TYPE = YES_ERROR;
				GCC_WARN_UNDECLARED_SELECTOR = YES;
				GCC_WARN_UNINITIALIZED_AUTOS = YES_AGGRESSIVE;
				GCC_WARN_UNUSED_FUNCTION = YES;
				GCC_WARN_UNUSED_VARIABLE = YES;
				IPHONEOS_DEPLOYMENT_TARGET = 13.2;
				MTL_ENABLE_DEBUG_INFO = INCLUDE_SOURCE;
				MTL_FAST_MATH = YES;
				ONLY_ACTIVE_ARCH = YES;
				SDKROOT = iphoneos;
				SWIFT_ACTIVE_COMPILATION_CONDITIONS = DEBUG;
				SWIFT_OPTIMIZATION_LEVEL = "-Onone";
			};
			name = Debug;
		};
		CF87CCCD2437547B003F4042 /* Release */ = {
			isa = XCBuildConfiguration;
			buildSettings = {
				ALWAYS_SEARCH_USER_PATHS = NO;
				CLANG_ANALYZER_NONNULL = YES;
				CLANG_ANALYZER_NUMBER_OBJECT_CONVERSION = YES_AGGRESSIVE;
				CLANG_CXX_LANGUAGE_STANDARD = "gnu++14";
				CLANG_CXX_LIBRARY = "libc++";
				CLANG_ENABLE_MODULES = YES;
				CLANG_ENABLE_OBJC_ARC = YES;
				CLANG_ENABLE_OBJC_WEAK = YES;
				CLANG_WARN_BLOCK_CAPTURE_AUTORELEASING = YES;
				CLANG_WARN_BOOL_CONVERSION = YES;
				CLANG_WARN_COMMA = YES;
				CLANG_WARN_CONSTANT_CONVERSION = YES;
				CLANG_WARN_DEPRECATED_OBJC_IMPLEMENTATIONS = YES;
				CLANG_WARN_DIRECT_OBJC_ISA_USAGE = YES_ERROR;
				CLANG_WARN_DOCUMENTATION_COMMENTS = YES;
				CLANG_WARN_EMPTY_BODY = YES;
				CLANG_WARN_ENUM_CONVERSION = YES;
				CLANG_WARN_INFINITE_RECURSION = YES;
				CLANG_WARN_INT_CONVERSION = YES;
				CLANG_WARN_NON_LITERAL_NULL_CONVERSION = YES;
				CLANG_WARN_OBJC_IMPLICIT_RETAIN_SELF = YES;
				CLANG_WARN_OBJC_LITERAL_CONVERSION = YES;
				CLANG_WARN_OBJC_ROOT_CLASS = YES_ERROR;
				CLANG_WARN_RANGE_LOOP_ANALYSIS = YES;
				CLANG_WARN_STRICT_PROTOTYPES = YES;
				CLANG_WARN_SUSPICIOUS_MOVE = YES;
				CLANG_WARN_UNGUARDED_AVAILABILITY = YES_AGGRESSIVE;
				CLANG_WARN_UNREACHABLE_CODE = YES;
				CLANG_WARN__DUPLICATE_METHOD_MATCH = YES;
				COPY_PHASE_STRIP = NO;
				DEBUG_INFORMATION_FORMAT = "dwarf-with-dsym";
				ENABLE_NS_ASSERTIONS = NO;
				ENABLE_STRICT_OBJC_MSGSEND = YES;
				GCC_C_LANGUAGE_STANDARD = gnu11;
				GCC_NO_COMMON_BLOCKS = YES;
				GCC_WARN_64_TO_32_BIT_CONVERSION = YES;
				GCC_WARN_ABOUT_RETURN_TYPE = YES_ERROR;
				GCC_WARN_UNDECLARED_SELECTOR = YES;
				GCC_WARN_UNINITIALIZED_AUTOS = YES_AGGRESSIVE;
				GCC_WARN_UNUSED_FUNCTION = YES;
				GCC_WARN_UNUSED_VARIABLE = YES;
				IPHONEOS_DEPLOYMENT_TARGET = 13.2;
				MTL_ENABLE_DEBUG_INFO = NO;
				MTL_FAST_MATH = YES;
				SDKROOT = iphoneos;
				SWIFT_COMPILATION_MODE = wholemodule;
				SWIFT_OPTIMIZATION_LEVEL = "-O";
				VALIDATE_PRODUCT = YES;
			};
			name = Release;
		};
		CF87CCCF2437547B003F4042 /* Debug */ = {
			isa = XCBuildConfiguration;
			buildSettings = {
				ASSETCATALOG_COMPILER_APPICON_NAME = AppIcon;
				CODE_SIGN_STYLE = Automatic;
				DEVELOPMENT_ASSET_PATHS = "\"GitHubActions/Preview Content\"";
				DEVELOPMENT_TEAM = SCUE9ER94C;
				ENABLE_PREVIEWS = YES;
				INFOPLIST_FILE = GitHubActions/Info.plist;
				LD_RUNPATH_SEARCH_PATHS = (
					"$(inherited)",
					"@executable_path/Frameworks",
				);
				PRODUCT_BUNDLE_IDENTIFIER = uk.co.daveburrowz.GitHubActions;
				PRODUCT_NAME = "$(TARGET_NAME)";
				SWIFT_VERSION = 5.0;
				TARGETED_DEVICE_FAMILY = "1,2";
			};
			name = Debug;
		};
		CF87CCD02437547B003F4042 /* Release */ = {
			isa = XCBuildConfiguration;
			buildSettings = {
				ASSETCATALOG_COMPILER_APPICON_NAME = AppIcon;
				CODE_SIGN_STYLE = Automatic;
				DEVELOPMENT_ASSET_PATHS = "\"GitHubActions/Preview Content\"";
				DEVELOPMENT_TEAM = SCUE9ER94C;
				ENABLE_PREVIEWS = YES;
				INFOPLIST_FILE = GitHubActions/Info.plist;
				LD_RUNPATH_SEARCH_PATHS = (
					"$(inherited)",
					"@executable_path/Frameworks",
				);
				PRODUCT_BUNDLE_IDENTIFIER = uk.co.daveburrowz.GitHubActions;
				PRODUCT_NAME = "$(TARGET_NAME)";
				SWIFT_VERSION = 5.0;
				TARGETED_DEVICE_FAMILY = "1,2";
			};
			name = Release;
		};
/* End XCBuildConfiguration section */

/* Begin XCConfigurationList section */
		CF87CCB52437547A003F4042 /* Build configuration list for PBXProject "GitHubActions" */ = {
			isa = XCConfigurationList;
			buildConfigurations = (
				CF87CCCC2437547B003F4042 /* Debug */,
				CF87CCCD2437547B003F4042 /* Release */,
			);
			defaultConfigurationIsVisible = 0;
			defaultConfigurationName = Release;
		};
		CF87CCCE2437547B003F4042 /* Build configuration list for PBXNativeTarget "GitHubActions" */ = {
			isa = XCConfigurationList;
			buildConfigurations = (
				CF87CCCF2437547B003F4042 /* Debug */,
				CF87CCD02437547B003F4042 /* Release */,
			);
			defaultConfigurationIsVisible = 0;
			defaultConfigurationName = Release;
		};
/* End XCConfigurationList section */
	};
	rootObject = CF87CCB22437547A003F4042 /* Project object */;
}
